
Microsoft Visual Studio Solution File, Format Version 12.00
# Visual Studio 14
VisualStudioVersion = 14.0.25420.1
MinimumVisualStudioVersion = 10.0.40219.1
Project("{FAE04EC0-301F-11D3-BF4B-00C04F79EFBC}") = "Structurizer", "Structurizer\Structurizer.csproj", "{0775822D-C8BE-4525-A379-0087AA37D933}"
EndProject
Project("{2150E333-8FDC-42A3-9474-1A3956D46DE8}") = "Solution Items", "Solution Items", "{314A2727-EED0-45D8-956A-573AF5E3E03F}"
	ProjectSection(SolutionItems) = preProject
		GlobalAssemblyInfo.cs = GlobalAssemblyInfo.cs
	EndProjectSection
EndProject
Project("{FAE04EC0-301F-11D3-BF4B-00C04F79EFBC}") = "Structurizer.UnitTests", "Structurizer.UnitTests\Structurizer.UnitTests.csproj", "{0F834BEF-FD64-4C12-8794-87A00AA5DBE8}"
EndProject
Project("{FAE04EC0-301F-11D3-BF4B-00C04F79EFBC}") = "ConsoleApplication1", "ConsoleApplication1\ConsoleApplication1.csproj", "{E921C1C6-8DC3-4ACE-9C0E-480EF1BDFE4F}"
EndProject
Global
	GlobalSection(SolutionConfigurationPlatforms) = preSolution
		Debug|Any CPU = Debug|Any CPU
		Release|Any CPU = Release|Any CPU
	EndGlobalSection
	GlobalSection(ProjectConfigurationPlatforms) = postSolution
		{0775822D-C8BE-4525-A379-0087AA37D933}.Debug|Any CPU.ActiveCfg = Debug|Any CPU
		{0775822D-C8BE-4525-A379-0087AA37D933}.Debug|Any CPU.Build.0 = Debug|Any CPU
		{0775822D-C8BE-4525-A379-0087AA37D933}.Release|Any CPU.ActiveCfg = Release|Any CPU
		{0775822D-C8BE-4525-A379-0087AA37D933}.Release|Any CPU.Build.0 = Release|Any CPU
		{0F834BEF-FD64-4C12-8794-87A00AA5DBE8}.Debug|Any CPU.ActiveCfg = Debug|Any CPU
		{0F834BEF-FD64-4C12-8794-87A00AA5DBE8}.Debug|Any CPU.Build.0 = Debug|Any CPU
		{0F834BEF-FD64-4C12-8794-87A00AA5DBE8}.Release|Any CPU.ActiveCfg = Release|Any CPU
		{0F834BEF-FD64-4C12-8794-87A00AA5DBE8}.Release|Any CPU.Build.0 = Release|Any CPU
		{E921C1C6-8DC3-4ACE-9C0E-480EF1BDFE4F}.Debug|Any CPU.ActiveCfg = Debug|Any CPU
		{E921C1C6-8DC3-4ACE-9C0E-480EF1BDFE4F}.Debug|Any CPU.Build.0 = Debug|Any CPU
		{E921C1C6-8DC3-4ACE-9C0E-480EF1BDFE4F}.Release|Any CPU.ActiveCfg = Release|Any CPU
		{E921C1C6-8DC3-4ACE-9C0E-480EF1BDFE4F}.Release|Any CPU.Build.0 = Release|Any CPU
	EndGlobalSection
	GlobalSection(SolutionProperties) = preSolution
		HideSolutionNode = FALSE
	EndGlobalSection
EndGlobal
