
Microsoft Visual Studio Solution File, Format Version 12.00
# Visual Studio Version 17
VisualStudioVersion = 17.1.32328.378
MinimumVisualStudioVersion = 10.0.40219.1
Project("{2150E333-8FDC-42A3-9474-1A3956D46DE8}") = "Solution Items", "Solution Items", "{47EDD254-E0BB-4EA2-AEA5-8AC817802C29}"
	ProjectSection(SolutionItems) = preProject
		..\azure-pipelines-cd.yml = ..\azure-pipelines-cd.yml
		..\azure-pipelines-ci.yml = ..\azure-pipelines-ci.yml
		Directory.Build.props = Directory.Build.props
		..\README.md = ..\README.md
	EndProjectSection
EndProject
Project("{9A19103F-16F7-4668-BE54-9A1E7A4F7556}") = "Structurizer", "Structurizer\Structurizer.csproj", "{CDB3E809-4B1E-4EF3-808E-4FD503D325B8}"
EndProject
Project("{9A19103F-16F7-4668-BE54-9A1E7A4F7556}") = "UnitTests", "UnitTests\UnitTests.csproj", "{D9782C06-2123-48EB-9855-6CEA85066CF1}"
EndProject
Project("{9A19103F-16F7-4668-BE54-9A1E7A4F7556}") = "Sample", "Sample\Sample.csproj", "{48863385-3B25-473C-91F0-00F4615F6188}"
EndProject
Project("{2150E333-8FDC-42A3-9474-1A3956D46DE8}") = "azure-templates", "azure-templates", "{46AE0649-B194-4D0D-8198-D3C2550A4966}"
	ProjectSection(SolutionItems) = preProject
		..\azure-templates\stage-build.yml = ..\azure-templates\stage-build.yml
		..\azure-templates\stage-deploy.yml = ..\azure-templates\stage-deploy.yml
	EndProjectSection
EndProject
Global
	GlobalSection(SolutionConfigurationPlatforms) = preSolution
		Debug|Any CPU = Debug|Any CPU
		Release|Any CPU = Release|Any CPU
	EndGlobalSection
	GlobalSection(ProjectConfigurationPlatforms) = postSolution
		{CDB3E809-4B1E-4EF3-808E-4FD503D325B8}.Debug|Any CPU.ActiveCfg = Debug|Any CPU
		{CDB3E809-4B1E-4EF3-808E-4FD503D325B8}.Debug|Any CPU.Build.0 = Debug|Any CPU
		{CDB3E809-4B1E-4EF3-808E-4FD503D325B8}.Release|Any CPU.ActiveCfg = Release|Any CPU
		{CDB3E809-4B1E-4EF3-808E-4FD503D325B8}.Release|Any CPU.Build.0 = Release|Any CPU
		{D9782C06-2123-48EB-9855-6CEA85066CF1}.Debug|Any CPU.ActiveCfg = Debug|Any CPU
		{D9782C06-2123-48EB-9855-6CEA85066CF1}.Debug|Any CPU.Build.0 = Debug|Any CPU
		{D9782C06-2123-48EB-9855-6CEA85066CF1}.Release|Any CPU.ActiveCfg = Release|Any CPU
		{D9782C06-2123-48EB-9855-6CEA85066CF1}.Release|Any CPU.Build.0 = Release|Any CPU
		{48863385-3B25-473C-91F0-00F4615F6188}.Debug|Any CPU.ActiveCfg = Debug|Any CPU
		{48863385-3B25-473C-91F0-00F4615F6188}.Debug|Any CPU.Build.0 = Debug|Any CPU
		{48863385-3B25-473C-91F0-00F4615F6188}.Release|Any CPU.ActiveCfg = Release|Any CPU
		{48863385-3B25-473C-91F0-00F4615F6188}.Release|Any CPU.Build.0 = Release|Any CPU
	EndGlobalSection
	GlobalSection(SolutionProperties) = preSolution
		HideSolutionNode = FALSE
	EndGlobalSection
	GlobalSection(NestedProjects) = preSolution
		{46AE0649-B194-4D0D-8198-D3C2550A4966} = {47EDD254-E0BB-4EA2-AEA5-8AC817802C29}
	EndGlobalSection
	GlobalSection(ExtensibilityGlobals) = postSolution
		SolutionGuid = {87631C88-A07E-4057-8EEE-590DB1278E76}
	EndGlobalSection
EndGlobal
